// !$*UTF8*$!
{
	archiveVersion = 1;
	classes = {
	};
	objectVersion = 46;
	objects = {

/* Begin PBXBuildFile section */
		70236771163AC39A00366495 /* QiitaTable.png in Resources */ = {isa = PBXBuildFile; fileRef = 7023676F163AC39A00366495 /* QiitaTable.png */; };
		70236772163AC39A00366495 /* QiitaTable@2x.png in Resources */ = {isa = PBXBuildFile; fileRef = 70236770163AC39A00366495 /* QiitaTable@2x.png */; };
		7036E1ED1637A6D10097A4CD /* Qiita.png in Resources */ = {isa = PBXBuildFile; fileRef = 7036E1EB1637A6D10097A4CD /* Qiita.png */; };
		7036E1EE1637A6D10097A4CD /* Qiita@2x.png in Resources */ = {isa = PBXBuildFile; fileRef = 7036E1EC1637A6D10097A4CD /* Qiita@2x.png */; };
		703EA10116338754002AFD9F /* QiitaEntryCell.m in Sources */ = {isa = PBXBuildFile; fileRef = 703EA10016338753002AFD9F /* QiitaEntryCell.m */; };
		703EA113163429F0002AFD9F /* tag.png in Resources */ = {isa = PBXBuildFile; fileRef = 703EA111163429EF002AFD9F /* tag.png */; };
		703EA114163429F0002AFD9F /* tag@2x.png in Resources */ = {isa = PBXBuildFile; fileRef = 703EA112163429EF002AFD9F /* tag@2x.png */; };
		703EA11716343112002AFD9F /* search.png in Resources */ = {isa = PBXBuildFile; fileRef = 703EA11516343111002AFD9F /* search.png */; };
		703EA11816343112002AFD9F /* search@2x.png in Resources */ = {isa = PBXBuildFile; fileRef = 703EA11616343112002AFD9F /* search@2x.png */; };
		703EA11B16343483002AFD9F /* home.png in Resources */ = {isa = PBXBuildFile; fileRef = 703EA11916343482002AFD9F /* home.png */; };
		703EA11C16343483002AFD9F /* home@2x.png in Resources */ = {isa = PBXBuildFile; fileRef = 703EA11A16343482002AFD9F /* home@2x.png */; };
		70740AD0163CC6FB00F0A5CE /* UIAsyncImageView.m in Sources */ = {isa = PBXBuildFile; fileRef = 70740ACF163CC6FB00F0A5CE /* UIAsyncImageView.m */; };
		70E67E5A162903BD006F665D /* UIKit.framework in Frameworks */ = {isa = PBXBuildFile; fileRef = 70E67E59162903BD006F665D /* UIKit.framework */; };
		70E67E5C162903BD006F665D /* Foundation.framework in Frameworks */ = {isa = PBXBuildFile; fileRef = 70E67E5B162903BD006F665D /* Foundation.framework */; };
		70E67E5E162903BD006F665D /* CoreGraphics.framework in Frameworks */ = {isa = PBXBuildFile; fileRef = 70E67E5D162903BD006F665D /* CoreGraphics.framework */; };
		70E67E64162903BD006F665D /* InfoPlist.strings in Resources */ = {isa = PBXBuildFile; fileRef = 70E67E62162903BD006F665D /* InfoPlist.strings */; };
		70E67E66162903BD006F665D /* main.m in Sources */ = {isa = PBXBuildFile; fileRef = 70E67E65162903BD006F665D /* main.m */; };
		70E67E6A162903BD006F665D /* AppDelegate.m in Sources */ = {isa = PBXBuildFile; fileRef = 70E67E69162903BD006F665D /* AppDelegate.m */; };
		70E67E6C162903BD006F665D /* Default.png in Resources */ = {isa = PBXBuildFile; fileRef = 70E67E6B162903BD006F665D /* Default.png */; };
		70E67E6E162903BD006F665D /* Default@2x.png in Resources */ = {isa = PBXBuildFile; fileRef = 70E67E6D162903BD006F665D /* Default@2x.png */; };
		70E67E70162903BD006F665D /* Default-568h@2x.png in Resources */ = {isa = PBXBuildFile; fileRef = 70E67E6F162903BD006F665D /* Default-568h@2x.png */; };
		70E67E73162903BD006F665D /* FirstViewController.m in Sources */ = {isa = PBXBuildFile; fileRef = 70E67E72162903BD006F665D /* FirstViewController.m */; };
		70E67E7A162903BD006F665D /* SecondViewController.m in Sources */ = {isa = PBXBuildFile; fileRef = 70E67E79162903BD006F665D /* SecondViewController.m */; };
		70E67E81162903BD006F665D /* FirstViewController.xib in Resources */ = {isa = PBXBuildFile; fileRef = 70E67E7F162903BD006F665D /* FirstViewController.xib */; };
		70E67E84162903BD006F665D /* SecondViewController.xib in Resources */ = {isa = PBXBuildFile; fileRef = 70E67E82162903BD006F665D /* SecondViewController.xib */; };
		70E67E9B162914F3006F665D /* CatalogViewController.m in Sources */ = {isa = PBXBuildFile; fileRef = 70E67E99162914F3006F665D /* CatalogViewController.m */; };
		70E67E9C162914F3006F665D /* CatalogViewController.xib in Resources */ = {isa = PBXBuildFile; fileRef = 70E67E9A162914F3006F665D /* CatalogViewController.xib */; };
		70E67EB9162945D7006F665D /* NewViewController.m in Sources */ = {isa = PBXBuildFile; fileRef = 70E67EB7162945D7006F665D /* NewViewController.m */; };
		70E67EBA162945D7006F665D /* NewViewController.xib in Resources */ = {isa = PBXBuildFile; fileRef = 70E67EB8162945D7006F665D /* NewViewController.xib */; };
		70E67EBE16294CF3006F665D /* WebViewController.m in Sources */ = {isa = PBXBuildFile; fileRef = 70E67EBC16294CF3006F665D /* WebViewController.m */; };
		70E67EBF16294CF3006F665D /* WebViewController.xib in Resources */ = {isa = PBXBuildFile; fileRef = 70E67EBD16294CF3006F665D /* WebViewController.xib */; };
/* End PBXBuildFile section */

/* Begin PBXFileReference section */
		7023676F163AC39A00366495 /* QiitaTable.png */ = {isa = PBXFileReference; lastKnownFileType = image.png; path = QiitaTable.png; sourceTree = "<group>"; };
		70236770163AC39A00366495 /* QiitaTable@2x.png */ = {isa = PBXFileReference; lastKnownFileType = image.png; path = "QiitaTable@2x.png"; sourceTree = "<group>"; };
		7036E1EB1637A6D10097A4CD /* Qiita.png */ = {isa = PBXFileReference; lastKnownFileType = image.png; path = Qiita.png; sourceTree = SOURCE_ROOT; };
		7036E1EC1637A6D10097A4CD /* Qiita@2x.png */ = {isa = PBXFileReference; lastKnownFileType = image.png; path = "Qiita@2x.png"; sourceTree = SOURCE_ROOT; };
		703EA0FF16338753002AFD9F /* QiitaEntryCell.h */ = {isa = PBXFileReference; fileEncoding = 4; lastKnownFileType = sourcecode.c.h; path = QiitaEntryCell.h; sourceTree = "<group>"; };
		703EA10016338753002AFD9F /* QiitaEntryCell.m */ = {isa = PBXFileReference; fileEncoding = 4; lastKnownFileType = sourcecode.c.objc; path = QiitaEntryCell.m; sourceTree = "<group>"; };
		703EA111163429EF002AFD9F /* tag.png */ = {isa = PBXFileReference; lastKnownFileType = image.png; path = tag.png; sourceTree = "<group>"; };
		703EA112163429EF002AFD9F /* tag@2x.png */ = {isa = PBXFileReference; lastKnownFileType = image.png; path = "tag@2x.png"; sourceTree = "<group>"; };
		703EA11516343111002AFD9F /* search.png */ = {isa = PBXFileReference; lastKnownFileType = image.png; path = search.png; sourceTree = "<group>"; };
		703EA11616343112002AFD9F /* search@2x.png */ = {isa = PBXFileReference; lastKnownFileType = image.png; path = "search@2x.png"; sourceTree = "<group>"; };
		703EA11916343482002AFD9F /* home.png */ = {isa = PBXFileReference; lastKnownFileType = image.png; path = home.png; sourceTree = "<group>"; };
		703EA11A16343482002AFD9F /* home@2x.png */ = {isa = PBXFileReference; lastKnownFileType = image.png; path = "home@2x.png"; sourceTree = "<group>"; };
		70740ACE163CC6FB00F0A5CE /* UIAsyncImageView.h */ = {isa = PBXFileReference; fileEncoding = 4; lastKnownFileType = sourcecode.c.h; path = UIAsyncImageView.h; sourceTree = "<group>"; };
		70740ACF163CC6FB00F0A5CE /* UIAsyncImageView.m */ = {isa = PBXFileReference; fileEncoding = 4; lastKnownFileType = sourcecode.c.objc; path = UIAsyncImageView.m; sourceTree = "<group>"; };
		70E67E55162903BD006F665D /* Qiita.app */ = {isa = PBXFileReference; explicitFileType = wrapper.application; includeInIndex = 0; path = Qiita.app; sourceTree = BUILT_PRODUCTS_DIR; };
		70E67E59162903BD006F665D /* UIKit.framework */ = {isa = PBXFileReference; lastKnownFileType = wrapper.framework; name = UIKit.framework; path = System/Library/Frameworks/UIKit.framework; sourceTree = SDKROOT; };
		70E67E5B162903BD006F665D /* Foundation.framework */ = {isa = PBXFileReference; lastKnownFileType = wrapper.framework; name = Foundation.framework; path = System/Library/Frameworks/Foundation.framework; sourceTree = SDKROOT; };
		70E67E5D162903BD006F665D /* CoreGraphics.framework */ = {isa = PBXFileReference; lastKnownFileType = wrapper.framework; name = CoreGraphics.framework; path = System/Library/Frameworks/CoreGraphics.framework; sourceTree = SDKROOT; };
		70E67E61162903BD006F665D /* Qiita-Info.plist */ = {isa = PBXFileReference; lastKnownFileType = text.plist.xml; path = "Qiita-Info.plist"; sourceTree = "<group>"; };
		70E67E63162903BD006F665D /* en */ = {isa = PBXFileReference; lastKnownFileType = text.plist.strings; name = en; path = en.lproj/InfoPlist.strings; sourceTree = "<group>"; };
		70E67E65162903BD006F665D /* main.m */ = {isa = PBXFileReference; lastKnownFileType = sourcecode.c.objc; path = main.m; sourceTree = "<group>"; };
		70E67E67162903BD006F665D /* Qiita-Prefix.pch */ = {isa = PBXFileReference; lastKnownFileType = sourcecode.c.h; path = "Qiita-Prefix.pch"; sourceTree = "<group>"; };
		70E67E68162903BD006F665D /* AppDelegate.h */ = {isa = PBXFileReference; lastKnownFileType = sourcecode.c.h; path = AppDelegate.h; sourceTree = "<group>"; };
		70E67E69162903BD006F665D /* AppDelegate.m */ = {isa = PBXFileReference; lastKnownFileType = sourcecode.c.objc; path = AppDelegate.m; sourceTree = "<group>"; };
		70E67E6B162903BD006F665D /* Default.png */ = {isa = PBXFileReference; lastKnownFileType = image.png; path = Default.png; sourceTree = "<group>"; };
		70E67E6D162903BD006F665D /* Default@2x.png */ = {isa = PBXFileReference; lastKnownFileType = image.png; path = "Default@2x.png"; sourceTree = "<group>"; };
		70E67E6F162903BD006F665D /* Default-568h@2x.png */ = {isa = PBXFileReference; lastKnownFileType = image.png; path = "Default-568h@2x.png"; sourceTree = "<group>"; };
		70E67E71162903BD006F665D /* FirstViewController.h */ = {isa = PBXFileReference; lastKnownFileType = sourcecode.c.h; path = FirstViewController.h; sourceTree = "<group>"; };
		70E67E72162903BD006F665D /* FirstViewController.m */ = {isa = PBXFileReference; lastKnownFileType = sourcecode.c.objc; path = FirstViewController.m; sourceTree = "<group>"; };
		70E67E78162903BD006F665D /* SecondViewController.h */ = {isa = PBXFileReference; lastKnownFileType = sourcecode.c.h; path = SecondViewController.h; sourceTree = "<group>"; };
		70E67E79162903BD006F665D /* SecondViewController.m */ = {isa = PBXFileReference; lastKnownFileType = sourcecode.c.objc; path = SecondViewController.m; sourceTree = "<group>"; };
		70E67E80162903BD006F665D /* en */ = {isa = PBXFileReference; lastKnownFileType = file.xib; name = en; path = en.lproj/FirstViewController.xib; sourceTree = "<group>"; };
		70E67E83162903BD006F665D /* en */ = {isa = PBXFileReference; lastKnownFileType = file.xib; name = en; path = en.lproj/SecondViewController.xib; sourceTree = "<group>"; };
		70E67E98162914F3006F665D /* CatalogViewController.h */ = {isa = PBXFileReference; fileEncoding = 4; lastKnownFileType = sourcecode.c.h; path = CatalogViewController.h; sourceTree = "<group>"; };
		70E67E99162914F3006F665D /* CatalogViewController.m */ = {isa = PBXFileReference; fileEncoding = 4; lastKnownFileType = sourcecode.c.objc; path = CatalogViewController.m; sourceTree = "<group>"; };
		70E67E9A162914F3006F665D /* CatalogViewController.xib */ = {isa = PBXFileReference; fileEncoding = 4; lastKnownFileType = file.xib; path = CatalogViewController.xib; sourceTree = "<group>"; };
		70E67EB6162945D7006F665D /* NewViewController.h */ = {isa = PBXFileReference; fileEncoding = 4; lastKnownFileType = sourcecode.c.h; path = NewViewController.h; sourceTree = "<group>"; };
		70E67EB7162945D7006F665D /* NewViewController.m */ = {isa = PBXFileReference; fileEncoding = 4; lastKnownFileType = sourcecode.c.objc; path = NewViewController.m; sourceTree = "<group>"; };
		70E67EB8162945D7006F665D /* NewViewController.xib */ = {isa = PBXFileReference; fileEncoding = 4; lastKnownFileType = file.xib; path = NewViewController.xib; sourceTree = "<group>"; };
		70E67EBB16294CF2006F665D /* WebViewController.h */ = {isa = PBXFileReference; fileEncoding = 4; lastKnownFileType = sourcecode.c.h; path = WebViewController.h; sourceTree = "<group>"; };
		70E67EBC16294CF3006F665D /* WebViewController.m */ = {isa = PBXFileReference; fileEncoding = 4; lastKnownFileType = sourcecode.c.objc; path = WebViewController.m; sourceTree = "<group>"; };
		70E67EBD16294CF3006F665D /* WebViewController.xib */ = {isa = PBXFileReference; fileEncoding = 4; lastKnownFileType = file.xib; path = WebViewController.xib; sourceTree = "<group>"; };
/* End PBXFileReference section */

/* Begin PBXFrameworksBuildPhase section */
		70E67E52162903BD006F665D /* Frameworks */ = {
			isa = PBXFrameworksBuildPhase;
			buildActionMask = 2147483647;
			files = (
				70E67E5A162903BD006F665D /* UIKit.framework in Frameworks */,
				70E67E5C162903BD006F665D /* Foundation.framework in Frameworks */,
				70E67E5E162903BD006F665D /* CoreGraphics.framework in Frameworks */,
			);
			runOnlyForDeploymentPostprocessing = 0;
		};
/* End PBXFrameworksBuildPhase section */

/* Begin PBXGroup section */
		7023677C163B582B00366495 /* utils */ = {
			isa = PBXGroup;
			children = (
				70740ACE163CC6FB00F0A5CE /* UIAsyncImageView.h */,
				70740ACF163CC6FB00F0A5CE /* UIAsyncImageView.m */,
			);
			name = utils;
			sourceTree = "<group>";
		};
		703EA1061633BC7F002AFD9F /* models */ = {
			isa = PBXGroup;
			children = (
			);
			name = models;
			sourceTree = "<group>";
		};
		703EA1071633BC95002AFD9F /* views */ = {
			isa = PBXGroup;
			children = (
				703EA0FF16338753002AFD9F /* QiitaEntryCell.h */,
				703EA10016338753002AFD9F /* QiitaEntryCell.m */,
			);
			name = views;
			sourceTree = "<group>";
		};
		703EA1081633BC9F002AFD9F /* controllers */ = {
			isa = PBXGroup;
			children = (
				70E67E68162903BD006F665D /* AppDelegate.h */,
				70E67E69162903BD006F665D /* AppDelegate.m */,
				70E67EB6162945D7006F665D /* NewViewController.h */,
				70E67EB7162945D7006F665D /* NewViewController.m */,
				70E67EB8162945D7006F665D /* NewViewController.xib */,
				70E67E71162903BD006F665D /* FirstViewController.h */,
				70E67E72162903BD006F665D /* FirstViewController.m */,
				70E67E7F162903BD006F665D /* FirstViewController.xib */,
				70E67E78162903BD006F665D /* SecondViewController.h */,
				70E67E79162903BD006F665D /* SecondViewController.m */,
				70E67E82162903BD006F665D /* SecondViewController.xib */,
				70E67E98162914F3006F665D /* CatalogViewController.h */,
				70E67E99162914F3006F665D /* CatalogViewController.m */,
				70E67E9A162914F3006F665D /* CatalogViewController.xib */,
				70E67EBB16294CF2006F665D /* WebViewController.h */,
				70E67EBC16294CF3006F665D /* WebViewController.m */,
				70E67EBD16294CF3006F665D /* WebViewController.xib */,
			);
			name = controllers;
			sourceTree = "<group>";
		};
		70E67E4A162903BD006F665D = {
			isa = PBXGroup;
			children = (
				70E67E5F162903BD006F665D /* Qiita */,
				70E67E58162903BD006F665D /* Frameworks */,
				70E67E56162903BD006F665D /* Products */,
			);
			sourceTree = "<group>";
		};
		70E67E56162903BD006F665D /* Products */ = {
			isa = PBXGroup;
			children = (
				70E67E55162903BD006F665D /* Qiita.app */,
			);
			name = Products;
			sourceTree = "<group>";
		};
		70E67E58162903BD006F665D /* Frameworks */ = {
			isa = PBXGroup;
			children = (
				70E67E59162903BD006F665D /* UIKit.framework */,
				70E67E5B162903BD006F665D /* Foundation.framework */,
				70E67E5D162903BD006F665D /* CoreGraphics.framework */,
			);
			name = Frameworks;
			sourceTree = "<group>";
		};
		70E67E5F162903BD006F665D /* Qiita */ = {
			isa = PBXGroup;
			children = (
				703EA1081633BC9F002AFD9F /* controllers */,
				703EA1071633BC95002AFD9F /* views */,
				703EA1061633BC7F002AFD9F /* models */,
				7023677C163B582B00366495 /* utils */,
				70E67E9D16291CCA006F665D /* images */,
				70E67E60162903BD006F665D /* Supporting Files */,
			);
			path = Qiita;
			sourceTree = "<group>";
		};
		70E67E60162903BD006F665D /* Supporting Files */ = {
			isa = PBXGroup;
			children = (
				70E67E61162903BD006F665D /* Qiita-Info.plist */,
				70E67E62162903BD006F665D /* InfoPlist.strings */,
				70E67E65162903BD006F665D /* main.m */,
				70E67E67162903BD006F665D /* Qiita-Prefix.pch */,
				70E67E6B162903BD006F665D /* Default.png */,
				70E67E6D162903BD006F665D /* Default@2x.png */,
				70E67E6F162903BD006F665D /* Default-568h@2x.png */,
			);
			name = "Supporting Files";
			sourceTree = "<group>";
		};
		70E67E9D16291CCA006F665D /* images */ = {
			isa = PBXGroup;
			children = (
				7036E1EB1637A6D10097A4CD /* Qiita.png */,
				7036E1EC1637A6D10097A4CD /* Qiita@2x.png */,
				7023676F163AC39A00366495 /* QiitaTable.png */,
				70236770163AC39A00366495 /* QiitaTable@2x.png */,
				703EA11916343482002AFD9F /* home.png */,
				703EA11A16343482002AFD9F /* home@2x.png */,
				703EA11516343111002AFD9F /* search.png */,
				703EA11616343112002AFD9F /* search@2x.png */,
				703EA111163429EF002AFD9F /* tag.png */,
				703EA112163429EF002AFD9F /* tag@2x.png */,
			);
			name = images;
			sourceTree = "<group>";
		};
/* End PBXGroup section */

/* Begin PBXNativeTarget section */
		70E67E54162903BD006F665D /* Qiita */ = {
			isa = PBXNativeTarget;
			buildConfigurationList = 70E67E87162903BD006F665D /* Build configuration list for PBXNativeTarget "Qiita" */;
			buildPhases = (
				70E67E51162903BD006F665D /* Sources */,
				70E67E52162903BD006F665D /* Frameworks */,
				70E67E53162903BD006F665D /* Resources */,
			);
			buildRules = (
			);
			dependencies = (
			);
			name = Qiita;
			productName = Qiita;
			productReference = 70E67E55162903BD006F665D /* Qiita.app */;
			productType = "com.apple.product-type.application";
		};
/* End PBXNativeTarget section */

/* Begin PBXProject section */
		70E67E4C162903BD006F665D /* Project object */ = {
			isa = PBXProject;
			attributes = {
				LastUpgradeCheck = 0450;
				ORGANIZATIONNAME = yusuke_yasuo;
			};
			buildConfigurationList = 70E67E4F162903BD006F665D /* Build configuration list for PBXProject "Qiita" */;
			compatibilityVersion = "Xcode 3.2";
			developmentRegion = English;
			hasScannedForEncodings = 0;
			knownRegions = (
				en,
			);
			mainGroup = 70E67E4A162903BD006F665D;
			productRefGroup = 70E67E56162903BD006F665D /* Products */;
			projectDirPath = "";
			projectRoot = "";
			targets = (
				70E67E54162903BD006F665D /* Qiita */,
			);
		};
/* End PBXProject section */

/* Begin PBXResourcesBuildPhase section */
		70E67E53162903BD006F665D /* Resources */ = {
			isa = PBXResourcesBuildPhase;
			buildActionMask = 2147483647;
			files = (
				70E67E64162903BD006F665D /* InfoPlist.strings in Resources */,
				70E67E6C162903BD006F665D /* Default.png in Resources */,
				70E67E6E162903BD006F665D /* Default@2x.png in Resources */,
				70E67E70162903BD006F665D /* Default-568h@2x.png in Resources */,
				70E67E81162903BD006F665D /* FirstViewController.xib in Resources */,
				70E67E84162903BD006F665D /* SecondViewController.xib in Resources */,
				70E67E9C162914F3006F665D /* CatalogViewController.xib in Resources */,
				70E67EBA162945D7006F665D /* NewViewController.xib in Resources */,
				70E67EBF16294CF3006F665D /* WebViewController.xib in Resources */,
				703EA113163429F0002AFD9F /* tag.png in Resources */,
				703EA114163429F0002AFD9F /* tag@2x.png in Resources */,
				703EA11716343112002AFD9F /* search.png in Resources */,
				703EA11816343112002AFD9F /* search@2x.png in Resources */,
				703EA11B16343483002AFD9F /* home.png in Resources */,
				703EA11C16343483002AFD9F /* home@2x.png in Resources */,
				7036E1ED1637A6D10097A4CD /* Qiita.png in Resources */,
				7036E1EE1637A6D10097A4CD /* Qiita@2x.png in Resources */,
				70236771163AC39A00366495 /* QiitaTable.png in Resources */,
				70236772163AC39A00366495 /* QiitaTable@2x.png in Resources */,
			);
			runOnlyForDeploymentPostprocessing = 0;
		};
/* End PBXResourcesBuildPhase section */

/* Begin PBXSourcesBuildPhase section */
		70E67E51162903BD006F665D /* Sources */ = {
			isa = PBXSourcesBuildPhase;
			buildActionMask = 2147483647;
			files = (
				70E67E66162903BD006F665D /* main.m in Sources */,
				70E67E6A162903BD006F665D /* AppDelegate.m in Sources */,
				70E67E73162903BD006F665D /* FirstViewController.m in Sources */,
				70E67E7A162903BD006F665D /* SecondViewController.m in Sources */,
				70E67E9B162914F3006F665D /* CatalogViewController.m in Sources */,
				70E67EB9162945D7006F665D /* NewViewController.m in Sources */,
				70E67EBE16294CF3006F665D /* WebViewController.m in Sources */,
				703EA10116338754002AFD9F /* QiitaEntryCell.m in Sources */,
				70740AD0163CC6FB00F0A5CE /* UIAsyncImageView.m in Sources */,
			);
			runOnlyForDeploymentPostprocessing = 0;
		};
/* End PBXSourcesBuildPhase section */

/* Begin PBXVariantGroup section */
		70E67E62162903BD006F665D /* InfoPlist.strings */ = {
			isa = PBXVariantGroup;
			children = (
				70E67E63162903BD006F665D /* en */,
			);
			name = InfoPlist.strings;
			sourceTree = "<group>";
		};
		70E67E7F162903BD006F665D /* FirstViewController.xib */ = {
			isa = PBXVariantGroup;
			children = (
				70E67E80162903BD006F665D /* en */,
			);
			name = FirstViewController.xib;
			sourceTree = "<group>";
		};
		70E67E82162903BD006F665D /* SecondViewController.xib */ = {
			isa = PBXVariantGroup;
			children = (
				70E67E83162903BD006F665D /* en */,
			);
			name = SecondViewController.xib;
			sourceTree = "<group>";
		};
/* End PBXVariantGroup section */

/* Begin XCBuildConfiguration section */
		70E67E85162903BD006F665D /* Debug */ = {
			isa = XCBuildConfiguration;
			buildSettings = {
				ALWAYS_SEARCH_USER_PATHS = NO;
				CLANG_CXX_LANGUAGE_STANDARD = "gnu++0x";
				CLANG_CXX_LIBRARY = "libc++";
				CLANG_ENABLE_OBJC_ARC = YES;
				CLANG_WARN_EMPTY_BODY = YES;
				CLANG_WARN__DUPLICATE_METHOD_MATCH = YES;
				"CODE_SIGN_IDENTITY[sdk=iphoneos*]" = "iPhone Developer";
				COPY_PHASE_STRIP = NO;
				GCC_C_LANGUAGE_STANDARD = gnu99;
				GCC_DYNAMIC_NO_PIC = NO;
				GCC_OPTIMIZATION_LEVEL = 0;
				GCC_PREPROCESSOR_DEFINITIONS = (
					"DEBUG=1",
					"$(inherited)",
				);
				GCC_SYMBOLS_PRIVATE_EXTERN = NO;
				GCC_WARN_ABOUT_RETURN_TYPE = YES;
				GCC_WARN_UNINITIALIZED_AUTOS = YES;
				GCC_WARN_UNUSED_VARIABLE = YES;
				IPHONEOS_DEPLOYMENT_TARGET = 6.0;
				ONLY_ACTIVE_ARCH = YES;
				SDKROOT = iphoneos;
			};
			name = Debug;
		};
		70E67E86162903BD006F665D /* Release */ = {
			isa = XCBuildConfiguration;
			buildSettings = {
				ALWAYS_SEARCH_USER_PATHS = NO;
				CLANG_CXX_LANGUAGE_STANDARD = "gnu++0x";
				CLANG_CXX_LIBRARY = "libc++";
				CLANG_ENABLE_OBJC_ARC = YES;
				CLANG_WARN_EMPTY_BODY = YES;
				CLANG_WARN__DUPLICATE_METHOD_MATCH = YES;
				"CODE_SIGN_IDENTITY[sdk=iphoneos*]" = "iPhone Developer";
				COPY_PHASE_STRIP = YES;
				GCC_C_LANGUAGE_STANDARD = gnu99;
				GCC_WARN_ABOUT_RETURN_TYPE = YES;
				GCC_WARN_UNINITIALIZED_AUTOS = YES;
				GCC_WARN_UNUSED_VARIABLE = YES;
				IPHONEOS_DEPLOYMENT_TARGET = 6.0;
				OTHER_CFLAGS = "-DNS_BLOCK_ASSERTIONS=1";
				SDKROOT = iphoneos;
				VALIDATE_PRODUCT = YES;
			};
			name = Release;
		};
		70E67E88162903BD006F665D /* Debug */ = {
			isa = XCBuildConfiguration;
			buildSettings = {
				GCC_PRECOMPILE_PREFIX_HEADER = YES;
				GCC_PREFIX_HEADER = "Qiita/Qiita-Prefix.pch";
				INFOPLIST_FILE = "Qiita/Qiita-Info.plist";
				IPHONEOS_DEPLOYMENT_TARGET = 6.0;
				PRODUCT_NAME = "$(TARGET_NAME)";
				WRAPPER_EXTENSION = app;
			};
			name = Debug;
		};
		70E67E89162903BD006F665D /* Release */ = {
			isa = XCBuildConfiguration;
			buildSettings = {
				GCC_PRECOMPILE_PREFIX_HEADER = YES;
				GCC_PREFIX_HEADER = "Qiita/Qiita-Prefix.pch";
				INFOPLIST_FILE = "Qiita/Qiita-Info.plist";
				IPHONEOS_DEPLOYMENT_TARGET = 6.0;
				PRODUCT_NAME = "$(TARGET_NAME)";
				WRAPPER_EXTENSION = app;
			};
			name = Release;
		};
/* End XCBuildConfiguration section */

/* Begin XCConfigurationList section */
		70E67E4F162903BD006F665D /* Build configuration list for PBXProject "Qiita" */ = {
			isa = XCConfigurationList;
			buildConfigurations = (
				70E67E85162903BD006F665D /* Debug */,
				70E67E86162903BD006F665D /* Release */,
			);
			defaultConfigurationIsVisible = 0;
			defaultConfigurationName = Release;
		};
		70E67E87162903BD006F665D /* Build configuration list for PBXNativeTarget "Qiita" */ = {
			isa = XCConfigurationList;
			buildConfigurations = (
				70E67E88162903BD006F665D /* Debug */,
				70E67E89162903BD006F665D /* Release */,
			);
			defaultConfigurationIsVisible = 0;
			defaultConfigurationName = Release;
		};
/* End XCConfigurationList section */
	};
	rootObject = 70E67E4C162903BD006F665D /* Project object */;
}
